PODS:
  - Alamofire (4.7.1)
  - AlamofireImage (3.3.1):
    - Alamofire (~> 4.5)
  - KTCenterFlowLayout (1.3.1)
  - Nimble (7.1.0)
  - Quick (1.2.0)
  - SwiftIconFont (2.7.3)
  - SwiftLint (0.25.1)

DEPENDENCIES:
  - Alamofire (~> 4.6)
  - AlamofireImage (~> 3.3)
  - KTCenterFlowLayout (~> 1.3)
  - Nimble (~> 7.0)
  - Quick (~> 1.2)
  - SwiftIconFont (~> 2.7)
  - SwiftLint (~> 0.24)

SPEC REPOS:
  https://github.com/CocoaPods/Specs.git:
    - Alamofire
    - AlamofireImage
    - KTCenterFlowLayout
    - Nimble
    - Quick
    - SwiftIconFont
    - SwiftLint

SPEC CHECKSUMS:
  Alamofire: 68d7d521118d49c615a8d2214d87cdf525599d30
  AlamofireImage: 3b35b586853abaf94ca1250f4e94cff3c21a4c0d
  KTCenterFlowLayout: 6e02b50ab2bd865025ae82fe266ed13b6d9eaf97
  Nimble: 9c6651c3021af6de54c3ed90a4a0a87d548f7359
  Quick: 58d203b1c5e27fff7229c4c1ae445ad7069a7a08
  SwiftIconFont: ebd8ee931a1e7072b61a87aec53f3a0786ef7f2b
  SwiftLint: ce933681be10c3266e82576dad676fa815a602e9

PODFILE CHECKSUM: 192a2d6f8d8e74425d0b5f110d9443bbcddb2d7a

COCOAPODS: 1.5.0
