// !$*UTF8*$!
{
	archiveVersion = 1;
	classes = {
	};
	objectVersion = 48;
	objects = {

/* Begin PBXBuildFile section */
		827FB85D203E7190001AF37C /* AppDelegate.swift in Sources */ = {isa = PBXBuildFile; fileRef = 827FB85C203E7190001AF37C /* AppDelegate.swift */; };
		827FB85F203E7190001AF37C /* ViewController.swift in Sources */ = {isa = PBXBuildFile; fileRef = 827FB85E203E7190001AF37C /* ViewController.swift */; };
		827FB862203E7190001AF37C /* Main.storyboard in Resources */ = {isa = PBXBuildFile; fileRef = 827FB860203E7190001AF37C /* Main.storyboard */; };
		827FB865203E7190001AF37C /* TopGames.xcdatamodeld in Sources */ = {isa = PBXBuildFile; fileRef = 827FB863203E7190001AF37C /* TopGames.xcdatamodeld */; };
		827FB867203E7190001AF37C /* Assets.xcassets in Resources */ = {isa = PBXBuildFile; fileRef = 827FB866203E7190001AF37C /* Assets.xcassets */; };
		827FB86A203E7190001AF37C /* LaunchScreen.storyboard in Resources */ = {isa = PBXBuildFile; fileRef = 827FB868203E7190001AF37C /* LaunchScreen.storyboard */; };
		827FB875203E7190001AF37C /* TopGamesTests.swift in Sources */ = {isa = PBXBuildFile; fileRef = 827FB874203E7190001AF37C /* TopGamesTests.swift */; };
/* End PBXBuildFile section */

/* Begin PBXContainerItemProxy section */
		827FB871203E7190001AF37C /* PBXContainerItemProxy */ = {
			isa = PBXContainerItemProxy;
			containerPortal = 827FB851203E7190001AF37C /* Project object */;
			proxyType = 1;
			remoteGlobalIDString = 827FB858203E7190001AF37C;
			remoteInfo = TopGames;
		};
/* End PBXContainerItemProxy section */

/* Begin PBXFileReference section */
		827FB859203E7190001AF37C /* TopGames.app */ = {isa = PBXFileReference; explicitFileType = wrapper.application; includeInIndex = 0; path = TopGames.app; sourceTree = BUILT_PRODUCTS_DIR; };
		827FB85C203E7190001AF37C /* AppDelegate.swift */ = {isa = PBXFileReference; lastKnownFileType = sourcecode.swift; path = AppDelegate.swift; sourceTree = "<group>"; };
		827FB85E203E7190001AF37C /* ViewController.swift */ = {isa = PBXFileReference; lastKnownFileType = sourcecode.swift; path = ViewController.swift; sourceTree = "<group>"; };
		827FB861203E7190001AF37C /* Base */ = {isa = PBXFileReference; lastKnownFileType = file.storyboard; name = Base; path = Base.lproj/Main.storyboard; sourceTree = "<group>"; };
		827FB864203E7190001AF37C /* TopGames.xcdatamodel */ = {isa = PBXFileReference; lastKnownFileType = wrapper.xcdatamodel; path = TopGames.xcdatamodel; sourceTree = "<group>"; };
		827FB866203E7190001AF37C /* Assets.xcassets */ = {isa = PBXFileReference; lastKnownFileType = folder.assetcatalog; path = Assets.xcassets; sourceTree = "<group>"; };
		827FB869203E7190001AF37C /* Base */ = {isa = PBXFileReference; lastKnownFileType = file.storyboard; name = Base; path = Base.lproj/LaunchScreen.storyboard; sourceTree = "<group>"; };
		827FB86B203E7190001AF37C /* Info.plist */ = {isa = PBXFileReference; lastKnownFileType = text.plist.xml; path = Info.plist; sourceTree = "<group>"; };
		827FB870203E7190001AF37C /* TopGamesTests.xctest */ = {isa = PBXFileReference; explicitFileType = wrapper.cfbundle; includeInIndex = 0; path = TopGamesTests.xctest; sourceTree = BUILT_PRODUCTS_DIR; };
		827FB874203E7190001AF37C /* TopGamesTests.swift */ = {isa = PBXFileReference; lastKnownFileType = sourcecode.swift; path = TopGamesTests.swift; sourceTree = "<group>"; };
		827FB876203E7190001AF37C /* Info.plist */ = {isa = PBXFileReference; lastKnownFileType = text.plist.xml; path = Info.plist; sourceTree = "<group>"; };
/* End PBXFileReference section */

/* Begin PBXFrameworksBuildPhase section */
		827FB856203E7190001AF37C /* Frameworks */ = {
			isa = PBXFrameworksBuildPhase;
			buildActionMask = 2147483647;
			files = (
			);
			runOnlyForDeploymentPostprocessing = 0;
		};
		827FB86D203E7190001AF37C /* Frameworks */ = {
			isa = PBXFrameworksBuildPhase;
			buildActionMask = 2147483647;
			files = (
			);
			runOnlyForDeploymentPostprocessing = 0;
		};
/* End PBXFrameworksBuildPhase section */

/* Begin PBXGroup section */
		827FB850203E7190001AF37C = {
			isa = PBXGroup;
			children = (
				827FB85B203E7190001AF37C /* TopGames */,
				827FB873203E7190001AF37C /* TopGamesTests */,
				827FB85A203E7190001AF37C /* Products */,
			);
			sourceTree = "<group>";
		};
		827FB85A203E7190001AF37C /* Products */ = {
			isa = PBXGroup;
			children = (
				827FB859203E7190001AF37C /* TopGames.app */,
				827FB870203E7190001AF37C /* TopGamesTests.xctest */,
			);
			name = Products;
			sourceTree = "<group>";
		};
		827FB85B203E7190001AF37C /* TopGames */ = {
			isa = PBXGroup;
			children = (
				827FB85C203E7190001AF37C /* AppDelegate.swift */,
				827FB85E203E7190001AF37C /* ViewController.swift */,
				827FB860203E7190001AF37C /* Main.storyboard */,
				827FB866203E7190001AF37C /* Assets.xcassets */,
				827FB868203E7190001AF37C /* LaunchScreen.storyboard */,
				827FB86B203E7190001AF37C /* Info.plist */,
				827FB863203E7190001AF37C /* TopGames.xcdatamodeld */,
			);
			path = TopGames;
			sourceTree = "<group>";
		};
		827FB873203E7190001AF37C /* TopGamesTests */ = {
			isa = PBXGroup;
			children = (
				827FB874203E7190001AF37C /* TopGamesTests.swift */,
				827FB876203E7190001AF37C /* Info.plist */,
			);
			path = TopGamesTests;
			sourceTree = "<group>";
		};
/* End PBXGroup section */

/* Begin PBXNativeTarget section */
		827FB858203E7190001AF37C /* TopGames */ = {
			isa = PBXNativeTarget;
			buildConfigurationList = 827FB879203E7190001AF37C /* Build configuration list for PBXNativeTarget "TopGames" */;
			buildPhases = (
				827FB855203E7190001AF37C /* Sources */,
				827FB856203E7190001AF37C /* Frameworks */,
				827FB857203E7190001AF37C /* Resources */,
			);
			buildRules = (
			);
			dependencies = (
			);
			name = TopGames;
			productName = TopGames;
			productReference = 827FB859203E7190001AF37C /* TopGames.app */;
			productType = "com.apple.product-type.application";
		};
		827FB86F203E7190001AF37C /* TopGamesTests */ = {
			isa = PBXNativeTarget;
			buildConfigurationList = 827FB87C203E7190001AF37C /* Build configuration list for PBXNativeTarget "TopGamesTests" */;
			buildPhases = (
				827FB86C203E7190001AF37C /* Sources */,
				827FB86D203E7190001AF37C /* Frameworks */,
				827FB86E203E7190001AF37C /* Resources */,
			);
			buildRules = (
			);
			dependencies = (
				827FB872203E7190001AF37C /* PBXTargetDependency */,
			);
			name = TopGamesTests;
			productName = TopGamesTests;
			productReference = 827FB870203E7190001AF37C /* TopGamesTests.xctest */;
			productType = "com.apple.product-type.bundle.unit-test";
		};
/* End PBXNativeTarget section */

/* Begin PBXProject section */
		827FB851203E7190001AF37C /* Project object */ = {
			isa = PBXProject;
			attributes = {
				LastSwiftUpdateCheck = 0920;
				LastUpgradeCheck = 0920;
				ORGANIZATIONNAME = limadeveloper;
				TargetAttributes = {
					827FB858203E7190001AF37C = {
						CreatedOnToolsVersion = 9.2;
						ProvisioningStyle = Automatic;
					};
					827FB86F203E7190001AF37C = {
						CreatedOnToolsVersion = 9.2;
						ProvisioningStyle = Automatic;
						TestTargetID = 827FB858203E7190001AF37C;
					};
				};
			};
			buildConfigurationList = 827FB854203E7190001AF37C /* Build configuration list for PBXProject "TopGames" */;
			compatibilityVersion = "Xcode 8.0";
			developmentRegion = en;
			hasScannedForEncodings = 0;
			knownRegions = (
				en,
				Base,
			);
			mainGroup = 827FB850203E7190001AF37C;
			productRefGroup = 827FB85A203E7190001AF37C /* Products */;
			projectDirPath = "";
			projectRoot = "";
			targets = (
				827FB858203E7190001AF37C /* TopGames */,
				827FB86F203E7190001AF37C /* TopGamesTests */,
			);
		};
/* End PBXProject section */

/* Begin PBXResourcesBuildPhase section */
		827FB857203E7190001AF37C /* Resources */ = {
			isa = PBXResourcesBuildPhase;
			buildActionMask = 2147483647;
			files = (
				827FB86A203E7190001AF37C /* LaunchScreen.storyboard in Resources */,
				827FB867203E7190001AF37C /* Assets.xcassets in Resources */,
				827FB862203E7190001AF37C /* Main.storyboard in Resources */,
			);
			runOnlyForDeploymentPostprocessing = 0;
		};
		827FB86E203E7190001AF37C /* Resources */ = {
			isa = PBXResourcesBuildPhase;
			buildActionMask = 2147483647;
			files = (
			);
			runOnlyForDeploymentPostprocessing = 0;
		};
/* End PBXResourcesBuildPhase section */

/* Begin PBXSourcesBuildPhase section */
		827FB855203E7190001AF37C /* Sources */ = {
			isa = PBXSourcesBuildPhase;
			buildActionMask = 2147483647;
			files = (
				827FB85F203E7190001AF37C /* ViewController.swift in Sources */,
				827FB85D203E7190001AF37C /* AppDelegate.swift in Sources */,
				827FB865203E7190001AF37C /* TopGames.xcdatamodeld in Sources */,
			);
			runOnlyForDeploymentPostprocessing = 0;
		};
		827FB86C203E7190001AF37C /* Sources */ = {
			isa = PBXSourcesBuildPhase;
			buildActionMask = 2147483647;
			files = (
				827FB875203E7190001AF37C /* TopGamesTests.swift in Sources */,
			);
			runOnlyForDeploymentPostprocessing = 0;
		};
/* End PBXSourcesBuildPhase section */

/* Begin PBXTargetDependency section */
		827FB872203E7190001AF37C /* PBXTargetDependency */ = {
			isa = PBXTargetDependency;
			target = 827FB858203E7190001AF37C /* TopGames */;
			targetProxy = 827FB871203E7190001AF37C /* PBXContainerItemProxy */;
		};
/* End PBXTargetDependency section */

/* Begin PBXVariantGroup section */
		827FB860203E7190001AF37C /* Main.storyboard */ = {
			isa = PBXVariantGroup;
			children = (
				827FB861203E7190001AF37C /* Base */,
			);
			name = Main.storyboard;
			sourceTree = "<group>";
		};
		827FB868203E7190001AF37C /* LaunchScreen.storyboard */ = {
			isa = PBXVariantGroup;
			children = (
				827FB869203E7190001AF37C /* Base */,
			);
			name = LaunchScreen.storyboard;
			sourceTree = "<group>";
		};
/* End PBXVariantGroup section */

/* Begin XCBuildConfiguration section */
		827FB877203E7190001AF37C /* Debug */ = {
			isa = XCBuildConfiguration;
			buildSettings = {
				ALWAYS_SEARCH_USER_PATHS = NO;
				CLANG_ANALYZER_NONNULL = YES;
				CLANG_ANALYZER_NUMBER_OBJECT_CONVERSION = YES_AGGRESSIVE;
				CLANG_CXX_LANGUAGE_STANDARD = "gnu++14";
				CLANG_CXX_LIBRARY = "libc++";
				CLANG_ENABLE_MODULES = YES;
				CLANG_ENABLE_OBJC_ARC = YES;
				CLANG_WARN_BLOCK_CAPTURE_AUTORELEASING = YES;
				CLANG_WARN_BOOL_CONVERSION = YES;
				CLANG_WARN_COMMA = YES;
				CLANG_WARN_CONSTANT_CONVERSION = YES;
				CLANG_WARN_DIRECT_OBJC_ISA_USAGE = YES_ERROR;
				CLANG_WARN_DOCUMENTATION_COMMENTS = YES;
				CLANG_WARN_EMPTY_BODY = YES;
				CLANG_WARN_ENUM_CONVERSION = YES;
				CLANG_WARN_INFINITE_RECURSION = YES;
				CLANG_WARN_INT_CONVERSION = YES;
				CLANG_WARN_NON_LITERAL_NULL_CONVERSION = YES;
				CLANG_WARN_OBJC_LITERAL_CONVERSION = YES;
				CLANG_WARN_OBJC_ROOT_CLASS = YES_ERROR;
				CLANG_WARN_RANGE_LOOP_ANALYSIS = YES;
				CLANG_WARN_STRICT_PROTOTYPES = YES;
				CLANG_WARN_SUSPICIOUS_MOVE = YES;
				CLANG_WARN_UNGUARDED_AVAILABILITY = YES_AGGRESSIVE;
				CLANG_WARN_UNREACHABLE_CODE = YES;
				CLANG_WARN__DUPLICATE_METHOD_MATCH = YES;
				CODE_SIGN_IDENTITY = "iPhone Developer";
				COPY_PHASE_STRIP = NO;
				DEBUG_INFORMATION_FORMAT = dwarf;
				ENABLE_STRICT_OBJC_MSGSEND = YES;
				ENABLE_TESTABILITY = YES;
				GCC_C_LANGUAGE_STANDARD = gnu11;
				GCC_DYNAMIC_NO_PIC = NO;
				GCC_NO_COMMON_BLOCKS = YES;
				GCC_OPTIMIZATION_LEVEL = 0;
				GCC_PREPROCESSOR_DEFINITIONS = (
					"DEBUG=1",
					"$(inherited)",
				);
				GCC_WARN_64_TO_32_BIT_CONVERSION = YES;
				GCC_WARN_ABOUT_RETURN_TYPE = YES_ERROR;
				GCC_WARN_UNDECLARED_SELECTOR = YES;
				GCC_WARN_UNINITIALIZED_AUTOS = YES_AGGRESSIVE;
				GCC_WARN_UNUSED_FUNCTION = YES;
				GCC_WARN_UNUSED_VARIABLE = YES;
				IPHONEOS_DEPLOYMENT_TARGET = 11.2;
				MTL_ENABLE_DEBUG_INFO = YES;
				ONLY_ACTIVE_ARCH = YES;
				SDKROOT = iphoneos;
				SWIFT_ACTIVE_COMPILATION_CONDITIONS = DEBUG;
				SWIFT_OPTIMIZATION_LEVEL = "-Onone";
			};
			name = Debug;
		};
		827FB878203E7190001AF37C /* Release */ = {
			isa = XCBuildConfiguration;
			buildSettings = {
				ALWAYS_SEARCH_USER_PATHS = NO;
				CLANG_ANALYZER_NONNULL = YES;
				CLANG_ANALYZER_NUMBER_OBJECT_CONVERSION = YES_AGGRESSIVE;
				CLANG_CXX_LANGUAGE_STANDARD = "gnu++14";
				CLANG_CXX_LIBRARY = "libc++";
				CLANG_ENABLE_MODULES = YES;
				CLANG_ENABLE_OBJC_ARC = YES;
				CLANG_WARN_BLOCK_CAPTURE_AUTORELEASING = YES;
				CLANG_WARN_BOOL_CONVERSION = YES;
				CLANG_WARN_COMMA = YES;
				CLANG_WARN_CONSTANT_CONVERSION = YES;
				CLANG_WARN_DIRECT_OBJC_ISA_USAGE = YES_ERROR;
				CLANG_WARN_DOCUMENTATION_COMMENTS = YES;
				CLANG_WARN_EMPTY_BODY = YES;
				CLANG_WARN_ENUM_CONVERSION = YES;
				CLANG_WARN_INFINITE_RECURSION = YES;
				CLANG_WARN_INT_CONVERSION = YES;
				CLANG_WARN_NON_LITERAL_NULL_CONVERSION = YES;
				CLANG_WARN_OBJC_LITERAL_CONVERSION = YES;
				CLANG_WARN_OBJC_ROOT_CLASS = YES_ERROR;
				CLANG_WARN_RANGE_LOOP_ANALYSIS = YES;
				CLANG_WARN_STRICT_PROTOTYPES = YES;
				CLANG_WARN_SUSPICIOUS_MOVE = YES;
				CLANG_WARN_UNGUARDED_AVAILABILITY = YES_AGGRESSIVE;
				CLANG_WARN_UNREACHABLE_CODE = YES;
				CLANG_WARN__DUPLICATE_METHOD_MATCH = YES;
				CODE_SIGN_IDENTITY = "iPhone Developer";
				COPY_PHASE_STRIP = NO;
				DEBUG_INFORMATION_FORMAT = "dwarf-with-dsym";
				ENABLE_NS_ASSERTIONS = NO;
				ENABLE_STRICT_OBJC_MSGSEND = YES;
				GCC_C_LANGUAGE_STANDARD = gnu11;
				GCC_NO_COMMON_BLOCKS = YES;
				GCC_WARN_64_TO_32_BIT_CONVERSION = YES;
				GCC_WARN_ABOUT_RETURN_TYPE = YES_ERROR;
				GCC_WARN_UNDECLARED_SELECTOR = YES;
				GCC_WARN_UNINITIALIZED_AUTOS = YES_AGGRESSIVE;
				GCC_WARN_UNUSED_FUNCTION = YES;
				GCC_WARN_UNUSED_VARIABLE = YES;
				IPHONEOS_DEPLOYMENT_TARGET = 11.2;
				MTL_ENABLE_DEBUG_INFO = NO;
				SDKROOT = iphoneos;
				SWIFT_OPTIMIZATION_LEVEL = "-Owholemodule";
				VALIDATE_PRODUCT = YES;
			};
			name = Release;
		};
		827FB87A203E7190001AF37C /* Debug */ = {
			isa = XCBuildConfiguration;
			buildSettings = {
				ASSETCATALOG_COMPILER_APPICON_NAME = AppIcon;
				CODE_SIGN_STYLE = Automatic;
				DEVELOPMENT_TEAM = G9572JBENB;
				INFOPLIST_FILE = TopGames/Info.plist;
				LD_RUNPATH_SEARCH_PATHS = "$(inherited) @executable_path/Frameworks";
				PRODUCT_BUNDLE_IDENTIFIER = com.jlimadeveloper.TopGames;
				PRODUCT_NAME = "$(TARGET_NAME)";
				SWIFT_VERSION = 4.0;
				TARGETED_DEVICE_FAMILY = "1,2";
			};
			name = Debug;
		};
		827FB87B203E7190001AF37C /* Release */ = {
			isa = XCBuildConfiguration;
			buildSettings = {
				ASSETCATALOG_COMPILER_APPICON_NAME = AppIcon;
				CODE_SIGN_STYLE = Automatic;
				DEVELOPMENT_TEAM = G9572JBENB;
				INFOPLIST_FILE = TopGames/Info.plist;
				LD_RUNPATH_SEARCH_PATHS = "$(inherited) @executable_path/Frameworks";
				PRODUCT_BUNDLE_IDENTIFIER = com.jlimadeveloper.TopGames;
				PRODUCT_NAME = "$(TARGET_NAME)";
				SWIFT_VERSION = 4.0;
				TARGETED_DEVICE_FAMILY = "1,2";
			};
			name = Release;
		};
		827FB87D203E7190001AF37C /* Debug */ = {
			isa = XCBuildConfiguration;
			buildSettings = {
				ALWAYS_EMBED_SWIFT_STANDARD_LIBRARIES = YES;
				BUNDLE_LOADER = "$(TEST_HOST)";
				CODE_SIGN_STYLE = Automatic;
				DEVELOPMENT_TEAM = G9572JBENB;
				INFOPLIST_FILE = TopGamesTests/Info.plist;
				LD_RUNPATH_SEARCH_PATHS = "$(inherited) @executable_path/Frameworks @loader_path/Frameworks";
				PRODUCT_BUNDLE_IDENTIFIER = com.jlimadeveloper.TopGamesTests;
				PRODUCT_NAME = "$(TARGET_NAME)";
				SWIFT_VERSION = 4.0;
				TARGETED_DEVICE_FAMILY = "1,2";
				TEST_HOST = "$(BUILT_PRODUCTS_DIR)/TopGames.app/TopGames";
			};
			name = Debug;
		};
		827FB87E203E7190001AF37C /* Release */ = {
			isa = XCBuildConfiguration;
			buildSettings = {
				ALWAYS_EMBED_SWIFT_STANDARD_LIBRARIES = YES;
				BUNDLE_LOADER = "$(TEST_HOST)";
				CODE_SIGN_STYLE = Automatic;
				DEVELOPMENT_TEAM = G9572JBENB;
				INFOPLIST_FILE = TopGamesTests/Info.plist;
				LD_RUNPATH_SEARCH_PATHS = "$(inherited) @executable_path/Frameworks @loader_path/Frameworks";
				PRODUCT_BUNDLE_IDENTIFIER = com.jlimadeveloper.TopGamesTests;
				PRODUCT_NAME = "$(TARGET_NAME)";
				SWIFT_VERSION = 4.0;
				TARGETED_DEVICE_FAMILY = "1,2";
				TEST_HOST = "$(BUILT_PRODUCTS_DIR)/TopGames.app/TopGames";
			};
			name = Release;
		};
/* End XCBuildConfiguration section */

/* Begin XCConfigurationList section */
		827FB854203E7190001AF37C /* Build configuration list for PBXProject "TopGames" */ = {
			isa = XCConfigurationList;
			buildConfigurations = (
				827FB877203E7190001AF37C /* Debug */,
				827FB878203E7190001AF37C /* Release */,
			);
			defaultConfigurationIsVisible = 0;
			defaultConfigurationName = Release;
		};
		827FB879203E7190001AF37C /* Build configuration list for PBXNativeTarget "TopGames" */ = {
			isa = XCConfigurationList;
			buildConfigurations = (
				827FB87A203E7190001AF37C /* Debug */,
				827FB87B203E7190001AF37C /* Release */,
			);
			defaultConfigurationIsVisible = 0;
			defaultConfigurationName = Release;
		};
		827FB87C203E7190001AF37C /* Build configuration list for PBXNativeTarget "TopGamesTests" */ = {
			isa = XCConfigurationList;
			buildConfigurations = (
				827FB87D203E7190001AF37C /* Debug */,
				827FB87E203E7190001AF37C /* Release */,
			);
			defaultConfigurationIsVisible = 0;
			defaultConfigurationName = Release;
		};
/* End XCConfigurationList section */

/* Begin XCVersionGroup section */
		827FB863203E7190001AF37C /* TopGames.xcdatamodeld */ = {
			isa = XCVersionGroup;
			children = (
				827FB864203E7190001AF37C /* TopGames.xcdatamodel */,
			);
			currentVersion = 827FB864203E7190001AF37C /* TopGames.xcdatamodel */;
			path = TopGames.xcdatamodeld;
			sourceTree = "<group>";
			versionGroupType = wrapper.xcdatamodel;
		};
/* End XCVersionGroup section */
	};
	rootObject = 827FB851203E7190001AF37C /* Project object */;
}
